
Microsoft Visual Studio Solution File, Format Version 12.00
# Visual Studio 15
Project("{FAE04EC0-301F-11D3-BF4B-00C04F79EFBC}") = "MarkupExtensionSample.Android", "MarkupExtensionSample.Android\MarkupExtensionSample.Android.csproj", "{8D46E78B-CF85-41F9-AFEC-742AACC07851}"
EndProject
Project("{FAE04EC0-301F-11D3-BF4B-00C04F79EFBC}") = "MarkupExtensionSample.iOS", "MarkupExtensionSample.iOS\MarkupExtensionSample.iOS.csproj", "{46F7F8DF-EE88-4F5F-953C-94E901650DA1}"
EndProject
Project("{FAE04EC0-301F-11D3-BF4B-00C04F79EFBC}") = "MarkupExtensionSample", "MarkupExtensionSample\MarkupExtensionSample.csproj", "{9FC82DCC-2F81-4878-A4DE-9889BA4E26B7}"
EndProject
Global
	GlobalSection(SolutionConfigurationPlatforms) = preSolution
		Debug|Any CPU = Debug|Any CPU
		Release|Any CPU = Release|Any CPU
		Debug|iPhoneSimulator = Debug|iPhoneSimulator
		Release|iPhoneSimulator = Release|iPhoneSimulator
		Debug|iPhone = Debug|iPhone
		Release|iPhone = Release|iPhone
	EndGlobalSection
	GlobalSection(ProjectConfigurationPlatforms) = postSolution
		{8D46E78B-CF85-41F9-AFEC-742AACC07851}.Debug|Any CPU.ActiveCfg = Debug|Any CPU
		{8D46E78B-CF85-41F9-AFEC-742AACC07851}.Debug|Any CPU.Build.0 = Debug|Any CPU
		{8D46E78B-CF85-41F9-AFEC-742AACC07851}.Release|Any CPU.ActiveCfg = Release|Any CPU
		{8D46E78B-CF85-41F9-AFEC-742AACC07851}.Release|Any CPU.Build.0 = Release|Any CPU
		{8D46E78B-CF85-41F9-AFEC-742AACC07851}.Debug|iPhoneSimulator.ActiveCfg = Debug|Any CPU
		{8D46E78B-CF85-41F9-AFEC-742AACC07851}.Debug|iPhoneSimulator.Build.0 = Debug|Any CPU
		{8D46E78B-CF85-41F9-AFEC-742AACC07851}.Release|iPhoneSimulator.ActiveCfg = Release|Any CPU
		{8D46E78B-CF85-41F9-AFEC-742AACC07851}.Release|iPhoneSimulator.Build.0 = Release|Any CPU
		{8D46E78B-CF85-41F9-AFEC-742AACC07851}.Debug|iPhone.ActiveCfg = Debug|Any CPU
		{8D46E78B-CF85-41F9-AFEC-742AACC07851}.Debug|iPhone.Build.0 = Debug|Any CPU
		{8D46E78B-CF85-41F9-AFEC-742AACC07851}.Release|iPhone.ActiveCfg = Release|Any CPU
		{8D46E78B-CF85-41F9-AFEC-742AACC07851}.Release|iPhone.Build.0 = Release|Any CPU
		{46F7F8DF-EE88-4F5F-953C-94E901650DA1}.Debug|Any CPU.ActiveCfg = Debug|iPhoneSimulator
		{46F7F8DF-EE88-4F5F-953C-94E901650DA1}.Debug|Any CPU.Build.0 = Debug|iPhoneSimulator
		{46F7F8DF-EE88-4F5F-953C-94E901650DA1}.Release|Any CPU.ActiveCfg = Release|iPhoneSimulator
		{46F7F8DF-EE88-4F5F-953C-94E901650DA1}.Release|Any CPU.Build.0 = Release|iPhoneSimulator
		{46F7F8DF-EE88-4F5F-953C-94E901650DA1}.Debug|iPhoneSimulator.ActiveCfg = Debug|iPhoneSimulator
		{46F7F8DF-EE88-4F5F-953C-94E901650DA1}.Debug|iPhoneSimulator.Build.0 = Debug|iPhoneSimulator
		{46F7F8DF-EE88-4F5F-953C-94E901650DA1}.Release|iPhoneSimulator.ActiveCfg = Release|iPhoneSimulator
		{46F7F8DF-EE88-4F5F-953C-94E901650DA1}.Release|iPhoneSimulator.Build.0 = Release|iPhoneSimulator
		{46F7F8DF-EE88-4F5F-953C-94E901650DA1}.Debug|iPhone.ActiveCfg = Debug|iPhone
		{46F7F8DF-EE88-4F5F-953C-94E901650DA1}.Debug|iPhone.Build.0 = Debug|iPhone
		{46F7F8DF-EE88-4F5F-953C-94E901650DA1}.Release|iPhone.ActiveCfg = Release|iPhone
		{46F7F8DF-EE88-4F5F-953C-94E901650DA1}.Release|iPhone.Build.0 = Release|iPhone
		{9FC82DCC-2F81-4878-A4DE-9889BA4E26B7}.Debug|Any CPU.ActiveCfg = Debug|Any CPU
		{9FC82DCC-2F81-4878-A4DE-9889BA4E26B7}.Debug|Any CPU.Build.0 = Debug|Any CPU
		{9FC82DCC-2F81-4878-A4DE-9889BA4E26B7}.Release|Any CPU.ActiveCfg = Release|Any CPU
		{9FC82DCC-2F81-4878-A4DE-9889BA4E26B7}.Release|Any CPU.Build.0 = Release|Any CPU
		{9FC82DCC-2F81-4878-A4DE-9889BA4E26B7}.Debug|iPhoneSimulator.ActiveCfg = Debug|Any CPU
		{9FC82DCC-2F81-4878-A4DE-9889BA4E26B7}.Debug|iPhoneSimulator.Build.0 = Debug|Any CPU
		{9FC82DCC-2F81-4878-A4DE-9889BA4E26B7}.Release|iPhoneSimulator.ActiveCfg = Release|Any CPU
		{9FC82DCC-2F81-4878-A4DE-9889BA4E26B7}.Release|iPhoneSimulator.Build.0 = Release|Any CPU
		{9FC82DCC-2F81-4878-A4DE-9889BA4E26B7}.Debug|iPhone.ActiveCfg = Debug|Any CPU
		{9FC82DCC-2F81-4878-A4DE-9889BA4E26B7}.Debug|iPhone.Build.0 = Debug|Any CPU
		{9FC82DCC-2F81-4878-A4DE-9889BA4E26B7}.Release|iPhone.ActiveCfg = Release|Any CPU
		{9FC82DCC-2F81-4878-A4DE-9889BA4E26B7}.Release|iPhone.Build.0 = Release|Any CPU
	EndGlobalSection
EndGlobal
